{
  "name": "maxichrome",
  "version": "0.0.1",
  "lockfileVersion": 1,
  "requires": true,
  "dependencies": {
    "d3-color": {
      "version": "1.4.0",
      "resolved": "https://registry.npmjs.org/d3-color/-/d3-color-1.4.0.tgz",
      "integrity": "sha512-TzNPeJy2+iEepfiL92LAAB7fvnp/dV2YwANPVHdDWmYMm23qIJBYww3qT8I8C1wXrmrg4UWs7BKc2tKIgyjzHg=="
    },
    "d3-color-difference": {
      "version": "0.1.3",
      "resolved": "https://registry.npmjs.org/d3-color-difference/-/d3-color-difference-0.1.3.tgz",
      "integrity": "sha512-yAGiVdTZR/wpI66n85xvkTvjxFth0IuGrEeX/anl1Q5rzNc2/V7oOjoJdqQnahOuS+SgbAR0zu8T0SYY7hGTtw==",
      "requires": {
        "d3-color": "^1.1.0"
      }
    }
  }
}
